{
  "requires": true,
  "lockfileVersion": 1,
  "dependencies": {
    "blueimp-canvas-to-blob": {
      "version": "3.26.0",
      "resolved": "https://registry.npmjs.org/blueimp-canvas-to-blob/-/blueimp-canvas-to-blob-3.26.0.tgz",
      "integrity": "sha512-bpDDEIaaUVSKxMbiUbwj4AqgJX2XV0YzqarMRC+w7X9fakYCXPuWQPiIonO0tAWj2YP/q3zOAFsUZw6M6+2dKg=="
    },
    "blueimp-file-upload": {
      "version": "10.24.0",
      "resolved": "https://registry.npmjs.org/blueimp-file-upload/-/blueimp-file-upload-10.24.0.tgz",
      "integrity": "sha512-4t5987HPXeTT8C/7LgJzi7UkRHP9Yj8lYSG4z8Jstl6wyOQLvlvKxDHO1KKAM8q2apdcaVPfugEky11H/iMWkA==",
      "requires": {
        "blueimp-canvas-to-blob": "3",
        "blueimp-load-image": "5",
        "blueimp-tmpl": "3"
      }
    },
    "blueimp-load-image": {
      "version": "5.10.0",
      "resolved": "https://registry.npmjs.org/blueimp-load-image/-/blueimp-load-image-5.10.0.tgz",
      "integrity": "sha512-0bb2hKMaIZJArWcr/kh817kJMYJP9aaC9CFOBoyLb+Rm+/4BaMymwViW57USktjWRzTvTs6t0QzmcDYyy7UAnQ=="
    },
    "blueimp-tmpl": {
      "version": "3.16.0",
      "resolved": "https://registry.npmjs.org/blueimp-tmpl/-/blueimp-tmpl-3.16.0.tgz",
      "integrity": "sha512-Cw/ML4ID0fWq3/FJRG2lOQFspMAvQJPoysydLlWMqMyTAUuMlp9h5ZBeAmOOKNbjlFRT/u205iohZBACVvbfUw=="
    },
    "bootstrap-icons": {
      "version": "1.0.0-alpha4",
      "resolved": "https://registry.npmjs.org/bootstrap-icons/-/bootstrap-icons-1.0.0-alpha4.tgz",
      "integrity": "sha512-UcpSUPsvUiW7ueBQfXZSgknJv/rj060dglhWIRPjkLjUWa32jMWqsLXO8tXY2od4Ew6cuh0BJ3f8VOhQPVY4mA=="
    },
    "darkmode-js": {
      "version": "1.5.6",
      "resolved": "https://registry.npmjs.org/darkmode-js/-/darkmode-js-1.5.6.tgz",
      "integrity": "sha512-V2HxC7yMK1ojK4ZgJCs/O0End6qF0BNfUy523ZUa8YIuB+/AoCnOZ2V0g/fgX5yl/0bqvqAjCbPwsOyaKeRCww=="
    }
  }
}
