{
  "requires": true,
  "lockfileVersion": 1,
  "dependencies": {
    "blueimp-canvas-to-blob": {
      "version": "3.26.0",
      "resolved": "https://registry.npmjs.org/blueimp-canvas-to-blob/-/blueimp-canvas-to-blob-3.26.0.tgz",
      "integrity": "sha512-bpDDEIaaUVSKxMbiUbwj4AqgJX2XV0YzqarMRC+w7X9fakYCXPuWQPiIonO0tAWj2YP/q3zOAFsUZw6M6+2dKg==",
      "optional": true
    },
    "blueimp-file-upload": {
      "version": "10.24.0",
      "resolved": "https://registry.npmjs.org/blueimp-file-upload/-/blueimp-file-upload-10.24.0.tgz",
      "integrity": "sha512-4t5987HPXeTT8C/7LgJzi7UkRHP9Yj8lYSG4z8Jstl6wyOQLvlvKxDHO1KKAM8q2apdcaVPfugEky11H/iMWkA==",
      "requires": {
        "blueimp-canvas-to-blob": "3",
        "blueimp-load-image": "5",
        "blueimp-tmpl": "3"
      }
    },
    "blueimp-load-image": {
      "version": "5.10.0",
      "resolved": "https://registry.npmjs.org/blueimp-load-image/-/blueimp-load-image-5.10.0.tgz",
      "integrity": "sha512-0bb2hKMaIZJArWcr/kh817kJMYJP9aaC9CFOBoyLb+Rm+/4BaMymwViW57USktjWRzTvTs6t0QzmcDYyy7UAnQ==",
      "optional": true
    },
    "blueimp-tmpl": {
      "version": "3.16.0",
      "resolved": "https://registry.npmjs.org/blueimp-tmpl/-/blueimp-tmpl-3.16.0.tgz",
      "integrity": "sha512-Cw/ML4ID0fWq3/FJRG2lOQFspMAvQJPoysydLlWMqMyTAUuMlp9h5ZBeAmOOKNbjlFRT/u205iohZBACVvbfUw==",
      "optional": true
    }
  }
}
